
Microsoft Visual Studio Solution File, Format Version 12.00
# Visual Studio Version 16
VisualStudioVersion = 16.0.29609.76
MinimumVisualStudioVersion = 10.0.40219.1
Project("{9A19103F-16F7-4668-BE54-9A1E7A4F7556}") = "ConsoleApp", "ConsoleApp\ConsoleApp.csproj", "{B2314F5A-2401-414F-BE0C-668C3200FCE9}"
EndProject
Project("{9A19103F-16F7-4668-BE54-9A1E7A4F7556}") = "AnalysisServiceFunction1", "AnalysisServiceFunction1\AnalysisServiceFunction1.csproj", "{56E86027-A1D8-4BB1-98EF-34F5FFAEE21C}"
EndProject
Project("{FAE04EC0-301F-11D3-BF4B-00C04F79EFBC}") = "ConsoleAppOfficialLibs", "ConsoleAppOfficialLibs\ConsoleAppOfficialLibs.csproj", "{B75195D3-C62A-45E8-94C8-0FA14A9EFC6D}"
EndProject
Global
	GlobalSection(SolutionConfigurationPlatforms) = preSolution
		Debug|Any CPU = Debug|Any CPU
		Release|Any CPU = Release|Any CPU
	EndGlobalSection
	GlobalSection(ProjectConfigurationPlatforms) = postSolution
		{B2314F5A-2401-414F-BE0C-668C3200FCE9}.Debug|Any CPU.ActiveCfg = Debug|Any CPU
		{B2314F5A-2401-414F-BE0C-668C3200FCE9}.Debug|Any CPU.Build.0 = Debug|Any CPU
		{B2314F5A-2401-414F-BE0C-668C3200FCE9}.Release|Any CPU.ActiveCfg = Release|Any CPU
		{B2314F5A-2401-414F-BE0C-668C3200FCE9}.Release|Any CPU.Build.0 = Release|Any CPU
		{56E86027-A1D8-4BB1-98EF-34F5FFAEE21C}.Debug|Any CPU.ActiveCfg = Debug|Any CPU
		{56E86027-A1D8-4BB1-98EF-34F5FFAEE21C}.Debug|Any CPU.Build.0 = Debug|Any CPU
		{56E86027-A1D8-4BB1-98EF-34F5FFAEE21C}.Release|Any CPU.ActiveCfg = Release|Any CPU
		{56E86027-A1D8-4BB1-98EF-34F5FFAEE21C}.Release|Any CPU.Build.0 = Release|Any CPU
		{B75195D3-C62A-45E8-94C8-0FA14A9EFC6D}.Debug|Any CPU.ActiveCfg = Debug|Any CPU
		{B75195D3-C62A-45E8-94C8-0FA14A9EFC6D}.Debug|Any CPU.Build.0 = Debug|Any CPU
		{B75195D3-C62A-45E8-94C8-0FA14A9EFC6D}.Release|Any CPU.ActiveCfg = Release|Any CPU
		{B75195D3-C62A-45E8-94C8-0FA14A9EFC6D}.Release|Any CPU.Build.0 = Release|Any CPU
	EndGlobalSection
	GlobalSection(SolutionProperties) = preSolution
		HideSolutionNode = FALSE
	EndGlobalSection
	GlobalSection(ExtensibilityGlobals) = postSolution
		SolutionGuid = {D737B870-4124-4F03-BC91-C50BA11C6434}
	EndGlobalSection
EndGlobal
